AuthorName: Xposed-Modules-Repo
Categories:
    - Xposed
CurrentVersion: "1.3"
CurrentVersionCode: 91
Description: |-
    <ul>
    <li>[添加] 移除安装来源检测</li>
    <li>[优化] 高级功能自动增加逻辑</li>
    <li>[优化] 使用UI控制功能是否启用</li>
    <li>[添加] 移除MCPE许可证校验</li>
    </ul>
IssueTracker: ""
Name: Toolbox For Minecraft:PE Premium Unlock
SourceCode: https://github.com/Xposed-Modules-Repo/com.luckyzyx.toolboxunlock
Summary: Toolbox for Minecraft:PE Unlock
WebSite: ""
