AuthorName: buttercookie42
Categories:
    - Xposed
CurrentVersion: 1.0.0
CurrentVersionCode: 2
Description: <p>Add a custom app icon</p>
IssueTracker: ""
Name: Disable Target API Block
SourceCode: https://github.com/Xposed-Modules-Repo/de.buttercookie.disabletargetapiblock
Summary: Re-enable installation of apps targeting old Android versions
WebSite: ""
