AuthorName: Mufanc
Categories:
    - Xposed
CurrentVersion: 2.1.1.r46.7e4d397
CurrentVersionCode: 20220417
Description: |-
    <ul>
    <li>提升获取进程名的性能</li>
    <li>支持按拼音首字母缩写搜索应用</li>
    <li>显示正确的「MIUI 版本」</li>
    <li>基于 Shizuku 的 NoRoot 工作模式（Beta）</li>
    <li>将作用域列表移动至管理器存储</li>
    <li>支持备份和恢复作用域</li>
    <li>调整了应用图标样式</li>
    </ul>
IssueTracker: ""
Name: 【MIUI 12】防止应用被侧滑杀死或一键清理
SourceCode: https://github.com/Xposed-Modules-Repo/mufanc.tools.applock
Summary: ""
WebSite: ""
